// !$*UTF8*$!
{
	archiveVersion = 1;
	classes = {
	};
	objectVersion = 77;
	objects = {

/* Begin PBXBuildFile section */
		3095FB2300C9079775B8F074 /* OnbiiWatchApp.swift in Sources */ = {isa = PBXBuildFile; fileRef = 7837BC1BB46426003C207CEC /* OnbiiWatchApp.swift */; };
		3A352AAC2DC87E685E7F869F /* MobileViewModel.swift in Sources */ = {isa = PBXBuildFile; fileRef = 1882EA93E5C0E8A18593B0F5 /* MobileViewModel.swift */; };
		4AF0E6BBA232BFA11FA1A22F /* WatchRecordingReceiver.swift in Sources */ = {isa = PBXBuildFile; fileRef = 51185C6FAD003FD5C06002CF /* WatchRecordingReceiver.swift */; };
		578F4AD3AC93EEB80C315B58 /* WatchViewModel.swift in Sources */ = {isa = PBXBuildFile; fileRef = FA7583FFAB7781BE9676EBE5 /* WatchViewModel.swift */; };
		63502158B6243A6A9DADA1C1 /* OnbiiCapture in Frameworks */ = {isa = PBXBuildFile; productRef = F34DA394F7B4AA0C37377E25 /* OnbiiCapture */; };
		6734D1A1DC35F235A2881264 /* WatchContentView.swift in Sources */ = {isa = PBXBuildFile; fileRef = 3AABAAEBB8C0F6B75BBFE71F /* WatchContentView.swift */; };
		7118FFBD07163A199AB9101C /* OnbiiIOSApp.swift in Sources */ = {isa = PBXBuildFile; fileRef = 150AA60AB772C3D311284402 /* OnbiiIOSApp.swift */; };
		7612B9AE1E9DFD49E81B0BEC /* OnbiiWatch.app in Embed Watch Content */ = {isa = PBXBuildFile; fileRef = 27D86F3915B6DEBA3F9EF4A2 /* OnbiiWatch.app */; settings = {ATTRIBUTES = (RemoveHeadersOnCopy, ); }; };
		8A678FEBA88CE5439CD1C640 /* OnbiiCapture in Frameworks */ = {isa = PBXBuildFile; productRef = 06A2A0B4D62AF8412EDDF849 /* OnbiiCapture */; };
		DC23A4612169788C81F7A159 /* OnbiiArchive in Frameworks */ = {isa = PBXBuildFile; productRef = 1E9F0BD521D5D66DFD988E03 /* OnbiiArchive */; };
		FB75A29753B4674186A533BD /* MobileContentView.swift in Sources */ = {isa = PBXBuildFile; fileRef = F23422C155771BC610732E1B /* MobileContentView.swift */; };
/* End PBXBuildFile section */

/* Begin PBXContainerItemProxy section */
		60EACA9A5EDD6EED235ECD22 /* PBXContainerItemProxy */ = {
			isa = PBXContainerItemProxy;
			containerPortal = EC6CC5FD7E936DE765BEACDF /* Project object */;
			proxyType = 1;
			remoteGlobalIDString = 628EF94B2830912AE0548DDD;
			remoteInfo = OnbiiWatch;
		};
/* End PBXContainerItemProxy section */

/* Begin PBXCopyFilesBuildPhase section */
		2813B633D736E82E3A430EBC /* Embed Watch Content */ = {
			isa = PBXCopyFilesBuildPhase;
			buildActionMask = 2147483647;
			dstPath = "$(CONTENTS_FOLDER_PATH)/Watch";
			dstSubfolderSpec = 16;
			files = (
				7612B9AE1E9DFD49E81B0BEC /* OnbiiWatch.app in Embed Watch Content */,
			);
			name = "Embed Watch Content";
			runOnlyForDeploymentPostprocessing = 0;
		};
/* End PBXCopyFilesBuildPhase section */

/* Begin PBXFileReference section */
		150AA60AB772C3D311284402 /* OnbiiIOSApp.swift */ = {isa = PBXFileReference; lastKnownFileType = sourcecode.swift; path = OnbiiIOSApp.swift; sourceTree = "<group>"; };
		1882EA93E5C0E8A18593B0F5 /* MobileViewModel.swift */ = {isa = PBXFileReference; lastKnownFileType = sourcecode.swift; path = MobileViewModel.swift; sourceTree = "<group>"; };
		27D86F3915B6DEBA3F9EF4A2 /* OnbiiWatch.app */ = {isa = PBXFileReference; explicitFileType = wrapper.application; includeInIndex = 0; path = OnbiiWatch.app; sourceTree = BUILT_PRODUCTS_DIR; };
		3AABAAEBB8C0F6B75BBFE71F /* WatchContentView.swift */ = {isa = PBXFileReference; lastKnownFileType = sourcecode.swift; path = WatchContentView.swift; sourceTree = "<group>"; };
		51185C6FAD003FD5C06002CF /* WatchRecordingReceiver.swift */ = {isa = PBXFileReference; lastKnownFileType = sourcecode.swift; path = WatchRecordingReceiver.swift; sourceTree = "<group>"; };
		5D776147F91F0F8B65720A25 /* Onbii.app */ = {isa = PBXFileReference; explicitFileType = wrapper.application; includeInIndex = 0; path = Onbii.app; sourceTree = BUILT_PRODUCTS_DIR; };
		7837BC1BB46426003C207CEC /* OnbiiWatchApp.swift */ = {isa = PBXFileReference; lastKnownFileType = sourcecode.swift; path = OnbiiWatchApp.swift; sourceTree = "<group>"; };
		F23422C155771BC610732E1B /* MobileContentView.swift */ = {isa = PBXFileReference; lastKnownFileType = sourcecode.swift; path = MobileContentView.swift; sourceTree = "<group>"; };
		F414C7BC4150126A51166468 /* Packages */ = {isa = PBXFileReference; lastKnownFileType = folder; name = Packages; path = ../../Packages; sourceTree = SOURCE_ROOT; };
		FA7583FFAB7781BE9676EBE5 /* WatchViewModel.swift */ = {isa = PBXFileReference; lastKnownFileType = sourcecode.swift; path = WatchViewModel.swift; sourceTree = "<group>"; };
/* End PBXFileReference section */

/* Begin PBXFrameworksBuildPhase section */
		3CEB4E99EF54EE0BE6A0A1C3 /* Frameworks */ = {
			isa = PBXFrameworksBuildPhase;
			buildActionMask = 2147483647;
			files = (
				63502158B6243A6A9DADA1C1 /* OnbiiCapture in Frameworks */,
			);
			runOnlyForDeploymentPostprocessing = 0;
		};
		D51C717A86B6BDA0FD605641 /* Frameworks */ = {
			isa = PBXFrameworksBuildPhase;
			buildActionMask = 2147483647;
			files = (
				DC23A4612169788C81F7A159 /* OnbiiArchive in Frameworks */,
				8A678FEBA88CE5439CD1C640 /* OnbiiCapture in Frameworks */,
			);
			runOnlyForDeploymentPostprocessing = 0;
		};
/* End PBXFrameworksBuildPhase section */

/* Begin PBXGroup section */
		07D1F5A8B054F86A6121581F = {
			isa = PBXGroup;
			children = (
				BEC821B6273463F2D7CC6A23 /* Packages */,
				51C149A69DCB6C83BE94C82C /* Sources */,
				802C818C853FD3A87081D744 /* Sources */,
				2AEB037CD9AECFC0F9D2C386 /* Products */,
			);
			sourceTree = "<group>";
		};
		2AEB037CD9AECFC0F9D2C386 /* Products */ = {
			isa = PBXGroup;
			children = (
				5D776147F91F0F8B65720A25 /* Onbii.app */,
				27D86F3915B6DEBA3F9EF4A2 /* OnbiiWatch.app */,
			);
			name = Products;
			sourceTree = "<group>";
		};
		51C149A69DCB6C83BE94C82C /* Sources */ = {
			isa = PBXGroup;
			children = (
				F23422C155771BC610732E1B /* MobileContentView.swift */,
				1882EA93E5C0E8A18593B0F5 /* MobileViewModel.swift */,
				150AA60AB772C3D311284402 /* OnbiiIOSApp.swift */,
				51185C6FAD003FD5C06002CF /* WatchRecordingReceiver.swift */,
			);
			path = Sources;
			sourceTree = "<group>";
		};
		802C818C853FD3A87081D744 /* Sources */ = {
			isa = PBXGroup;
			children = (
				7837BC1BB46426003C207CEC /* OnbiiWatchApp.swift */,
				3AABAAEBB8C0F6B75BBFE71F /* WatchContentView.swift */,
				FA7583FFAB7781BE9676EBE5 /* WatchViewModel.swift */,
			);
			name = Sources;
			path = ../OnbiiWatch/Sources;
			sourceTree = "<group>";
		};
		BEC821B6273463F2D7CC6A23 /* Packages */ = {
			isa = PBXGroup;
			children = (
				F414C7BC4150126A51166468 /* Packages */,
			);
			name = Packages;
			sourceTree = "<group>";
		};
/* End PBXGroup section */

/* Begin PBXNativeTarget section */
		2D67C82A91088663ED30D967 /* OnbiiIOS */ = {
			isa = PBXNativeTarget;
			buildConfigurationList = 41DD61A10729E30144A27AE0 /* Build configuration list for PBXNativeTarget "OnbiiIOS" */;
			buildPhases = (
				F4809F1351799C7341063E59 /* Sources */,
				D51C717A86B6BDA0FD605641 /* Frameworks */,
				2813B633D736E82E3A430EBC /* Embed Watch Content */,
			);
			buildRules = (
			);
			dependencies = (
				FD2F90BBB2EB3DD6D05C4D6E /* PBXTargetDependency */,
			);
			name = OnbiiIOS;
			packageProductDependencies = (
				1E9F0BD521D5D66DFD988E03 /* OnbiiArchive */,
				06A2A0B4D62AF8412EDDF849 /* OnbiiCapture */,
			);
			productName = OnbiiIOS;
			productReference = 5D776147F91F0F8B65720A25 /* Onbii.app */;
			productType = "com.apple.product-type.application";
		};
		628EF94B2830912AE0548DDD /* OnbiiWatch */ = {
			isa = PBXNativeTarget;
			buildConfigurationList = 2C1E942DD7B00F128276CF51 /* Build configuration list for PBXNativeTarget "OnbiiWatch" */;
			buildPhases = (
				2C75E78579AA75C8D664B8FB /* Sources */,
				3CEB4E99EF54EE0BE6A0A1C3 /* Frameworks */,
			);
			buildRules = (
			);
			dependencies = (
			);
			name = OnbiiWatch;
			packageProductDependencies = (
				F34DA394F7B4AA0C37377E25 /* OnbiiCapture */,
			);
			productName = OnbiiWatch;
			productReference = 27D86F3915B6DEBA3F9EF4A2 /* OnbiiWatch.app */;
			productType = "com.apple.product-type.application";
		};
/* End PBXNativeTarget section */

/* Begin PBXProject section */
		EC6CC5FD7E936DE765BEACDF /* Project object */ = {
			isa = PBXProject;
			attributes = {
				BuildIndependentTargetsInParallel = YES;
				LastUpgradeCheck = 1430;
				TargetAttributes = {
					2D67C82A91088663ED30D967 = {
						DevelopmentTeam = S52C3W4ZB8;
					};
					628EF94B2830912AE0548DDD = {
						DevelopmentTeam = S52C3W4ZB8;
						ProvisioningStyle = Automatic;
					};
				};
			};
			buildConfigurationList = 8942C2FFF2CAE1BA6466F00C /* Build configuration list for PBXProject "OnbiiIOS" */;
			developmentRegion = en;
			hasScannedForEncodings = 0;
			knownRegions = (
				Base,
				en,
			);
			mainGroup = 07D1F5A8B054F86A6121581F;
			minimizedProjectReferenceProxies = 1;
			packageReferences = (
				839E68DD72013C3EB4A23D07 /* XCLocalSwiftPackageReference "../../Packages" */,
			);
			preferredProjectObjectVersion = 77;
			productRefGroup = 2AEB037CD9AECFC0F9D2C386 /* Products */;
			projectDirPath = "";
			projectRoot = "";
			targets = (
				2D67C82A91088663ED30D967 /* OnbiiIOS */,
				628EF94B2830912AE0548DDD /* OnbiiWatch */,
			);
		};
/* End PBXProject section */

/* Begin PBXSourcesBuildPhase section */
		2C75E78579AA75C8D664B8FB /* Sources */ = {
			isa = PBXSourcesBuildPhase;
			buildActionMask = 2147483647;
			files = (
				3095FB2300C9079775B8F074 /* OnbiiWatchApp.swift in Sources */,
				6734D1A1DC35F235A2881264 /* WatchContentView.swift in Sources */,
				578F4AD3AC93EEB80C315B58 /* WatchViewModel.swift in Sources */,
			);
			runOnlyForDeploymentPostprocessing = 0;
		};
		F4809F1351799C7341063E59 /* Sources */ = {
			isa = PBXSourcesBuildPhase;
			buildActionMask = 2147483647;
			files = (
				FB75A29753B4674186A533BD /* MobileContentView.swift in Sources */,
				3A352AAC2DC87E685E7F869F /* MobileViewModel.swift in Sources */,
				7118FFBD07163A199AB9101C /* OnbiiIOSApp.swift in Sources */,
				4AF0E6BBA232BFA11FA1A22F /* WatchRecordingReceiver.swift in Sources */,
			);
			runOnlyForDeploymentPostprocessing = 0;
		};
/* End PBXSourcesBuildPhase section */

/* Begin PBXTargetDependency section */
		FD2F90BBB2EB3DD6D05C4D6E /* PBXTargetDependency */ = {
			isa = PBXTargetDependency;
			target = 628EF94B2830912AE0548DDD /* OnbiiWatch */;
			targetProxy = 60EACA9A5EDD6EED235ECD22 /* PBXContainerItemProxy */;
		};
/* End PBXTargetDependency section */

/* Begin XCBuildConfiguration section */
		02484D0E896F8B0B6479D84B /* Debug */ = {
			isa = XCBuildConfiguration;
			buildSettings = {
				ALWAYS_SEARCH_USER_PATHS = NO;
				CLANG_ANALYZER_NONNULL = YES;
				CLANG_ANALYZER_NUMBER_OBJECT_CONVERSION = YES_AGGRESSIVE;
				CLANG_CXX_LANGUAGE_STANDARD = "gnu++14";
				CLANG_CXX_LIBRARY = "libc++";
				CLANG_ENABLE_MODULES = YES;
				CLANG_ENABLE_OBJC_ARC = YES;
				CLANG_ENABLE_OBJC_WEAK = YES;
				CLANG_WARN_BLOCK_CAPTURE_AUTORELEASING = YES;
				CLANG_WARN_BOOL_CONVERSION = YES;
				CLANG_WARN_COMMA = YES;
				CLANG_WARN_CONSTANT_CONVERSION = YES;
				CLANG_WARN_DEPRECATED_OBJC_IMPLEMENTATIONS = YES;
				CLANG_WARN_DIRECT_OBJC_ISA_USAGE = YES_ERROR;
				CLANG_WARN_DOCUMENTATION_COMMENTS = YES;
				CLANG_WARN_EMPTY_BODY = YES;
				CLANG_WARN_ENUM_CONVERSION = YES;
				CLANG_WARN_INFINITE_RECURSION = YES;
				CLANG_WARN_INT_CONVERSION = YES;
				CLANG_WARN_NON_LITERAL_NULL_CONVERSION = YES;
				CLANG_WARN_OBJC_IMPLICIT_RETAIN_SELF = YES;
				CLANG_WARN_OBJC_LITERAL_CONVERSION = YES;
				CLANG_WARN_OBJC_ROOT_CLASS = YES_ERROR;
				CLANG_WARN_QUOTED_INCLUDE_IN_FRAMEWORK_HEADER = YES;
				CLANG_WARN_RANGE_LOOP_ANALYSIS = YES;
				CLANG_WARN_STRICT_PROTOTYPES = YES;
				CLANG_WARN_SUSPICIOUS_MOVE = YES;
				CLANG_WARN_UNGUARDED_AVAILABILITY = YES_AGGRESSIVE;
				CLANG_WARN_UNREACHABLE_CODE = YES;
				CLANG_WARN__DUPLICATE_METHOD_MATCH = YES;
				COPY_PHASE_STRIP = NO;
				DEBUG_INFORMATION_FORMAT = dwarf;
				ENABLE_STRICT_OBJC_MSGSEND = YES;
				ENABLE_TESTABILITY = YES;
				GCC_C_LANGUAGE_STANDARD = gnu11;
				GCC_DYNAMIC_NO_PIC = NO;
				GCC_NO_COMMON_BLOCKS = YES;
				GCC_OPTIMIZATION_LEVEL = 0;
				GCC_PREPROCESSOR_DEFINITIONS = (
					"$(inherited)",
					"DEBUG=1",
				);
				GCC_WARN_64_TO_32_BIT_CONVERSION = YES;
				GCC_WARN_ABOUT_RETURN_TYPE = YES_ERROR;
				GCC_WARN_UNDECLARED_SELECTOR = YES;
				GCC_WARN_UNINITIALIZED_AUTOS = YES_AGGRESSIVE;
				GCC_WARN_UNUSED_FUNCTION = YES;
				GCC_WARN_UNUSED_VARIABLE = YES;
				IPHONEOS_DEPLOYMENT_TARGET = 17.0;
				MTL_ENABLE_DEBUG_INFO = INCLUDE_SOURCE;
				MTL_FAST_MATH = YES;
				ONLY_ACTIVE_ARCH = YES;
				PRODUCT_NAME = "$(TARGET_NAME)";
				SWIFT_ACTIVE_COMPILATION_CONDITIONS = DEBUG;
				SWIFT_OPTIMIZATION_LEVEL = "-Onone";
				SWIFT_VERSION = 6.0;
			};
			name = Debug;
		};
		0691FE58A2136B852F40CD61 /* Debug */ = {
			isa = XCBuildConfiguration;
			buildSettings = {
				ASSETCATALOG_COMPILER_APPICON_NAME = AppIcon;
				CODE_SIGN_ENTITLEMENTS = OnbiiIOS.entitlements;
				CODE_SIGN_IDENTITY = "Apple Development";
				"CODE_SIGN_IDENTITY[sdk=iphoneos*]" = "iPhone Developer";
				CODE_SIGN_STYLE = Manual;
				CURRENT_PROJECT_VERSION = 2;
				DEVELOPMENT_TEAM = S52C3W4ZB8;
				"DEVELOPMENT_TEAM[sdk=iphoneos*]" = S52C3W4ZB8;
				GENERATE_INFOPLIST_FILE = NO;
				INFOPLIST_FILE = Info.plist;
				LD_RUNPATH_SEARCH_PATHS = (
					"$(inherited)",
					"@executable_path/Frameworks",
				);
				MARKETING_VERSION = 0.1.0;
				PRODUCT_BUNDLE_IDENTIFIER = com.yepyr.onbii;
				PRODUCT_MODULE_NAME = OnbiiIOS;
				PRODUCT_NAME = Onbii;
				PROVISIONING_PROFILE_SPECIFIER = "Onbii development";
				"PROVISIONING_PROFILE_SPECIFIER[sdk=iphoneos*]" = "Onbii development";
				SDKROOT = iphoneos;
				TARGETED_DEVICE_FAMILY = "1,2";
			};
			name = Debug;
		};
		14DEB09BB9C9ADDC16378B91 /* Release */ = {
			isa = XCBuildConfiguration;
			buildSettings = {
				ALWAYS_SEARCH_USER_PATHS = NO;
				CLANG_ANALYZER_NONNULL = YES;
				CLANG_ANALYZER_NUMBER_OBJECT_CONVERSION = YES_AGGRESSIVE;
				CLANG_CXX_LANGUAGE_STANDARD = "gnu++14";
				CLANG_CXX_LIBRARY = "libc++";
				CLANG_ENABLE_MODULES = YES;
				CLANG_ENABLE_OBJC_ARC = YES;
				CLANG_ENABLE_OBJC_WEAK = YES;
				CLANG_WARN_BLOCK_CAPTURE_AUTORELEASING = YES;
				CLANG_WARN_BOOL_CONVERSION = YES;
				CLANG_WARN_COMMA = YES;
				CLANG_WARN_CONSTANT_CONVERSION = YES;
				CLANG_WARN_DEPRECATED_OBJC_IMPLEMENTATIONS = YES;
				CLANG_WARN_DIRECT_OBJC_ISA_USAGE = YES_ERROR;
				CLANG_WARN_DOCUMENTATION_COMMENTS = YES;
				CLANG_WARN_EMPTY_BODY = YES;
				CLANG_WARN_ENUM_CONVERSION = YES;
				CLANG_WARN_INFINITE_RECURSION = YES;
				CLANG_WARN_INT_CONVERSION = YES;
				CLANG_WARN_NON_LITERAL_NULL_CONVERSION = YES;
				CLANG_WARN_OBJC_IMPLICIT_RETAIN_SELF = YES;
				CLANG_WARN_OBJC_LITERAL_CONVERSION = YES;
				CLANG_WARN_OBJC_ROOT_CLASS = YES_ERROR;
				CLANG_WARN_QUOTED_INCLUDE_IN_FRAMEWORK_HEADER = YES;
				CLANG_WARN_RANGE_LOOP_ANALYSIS = YES;
				CLANG_WARN_STRICT_PROTOTYPES = YES;
				CLANG_WARN_SUSPICIOUS_MOVE = YES;
				CLANG_WARN_UNGUARDED_AVAILABILITY = YES_AGGRESSIVE;
				CLANG_WARN_UNREACHABLE_CODE = YES;
				CLANG_WARN__DUPLICATE_METHOD_MATCH = YES;
				COPY_PHASE_STRIP = NO;
				DEBUG_INFORMATION_FORMAT = "dwarf-with-dsym";
				ENABLE_NS_ASSERTIONS = NO;
				ENABLE_STRICT_OBJC_MSGSEND = YES;
				GCC_C_LANGUAGE_STANDARD = gnu11;
				GCC_NO_COMMON_BLOCKS = YES;
				GCC_WARN_64_TO_32_BIT_CONVERSION = YES;
				GCC_WARN_ABOUT_RETURN_TYPE = YES_ERROR;
				GCC_WARN_UNDECLARED_SELECTOR = YES;
				GCC_WARN_UNINITIALIZED_AUTOS = YES_AGGRESSIVE;
				GCC_WARN_UNUSED_FUNCTION = YES;
				GCC_WARN_UNUSED_VARIABLE = YES;
				IPHONEOS_DEPLOYMENT_TARGET = 17.0;
				MTL_ENABLE_DEBUG_INFO = NO;
				MTL_FAST_MATH = YES;
				PRODUCT_NAME = "$(TARGET_NAME)";
				SWIFT_COMPILATION_MODE = wholemodule;
				SWIFT_OPTIMIZATION_LEVEL = "-O";
				SWIFT_VERSION = 6.0;
			};
			name = Release;
		};
		7DEEB3138639A2D5E899BD2B /* Debug */ = {
			isa = XCBuildConfiguration;
			buildSettings = {
				ASSETCATALOG_COMPILER_APPICON_NAME = AppIcon;
				CODE_SIGN_STYLE = Automatic;
				CURRENT_PROJECT_VERSION = 1;
				DEVELOPMENT_TEAM = S52C3W4ZB8;
				GENERATE_INFOPLIST_FILE = YES;
				INFOPLIST_KEY_CFBundleDisplayName = Onbii;
				INFOPLIST_KEY_NSMicrophoneUsageDescription = "Onbii records audio only after you tap Record, then transfers the original recording to your iPhone.";
				INFOPLIST_KEY_WKCompanionAppBundleIdentifier = com.yepyr.onbii;
				INFOPLIST_KEY_WKRunsIndependentlyOfCompanionApp = NO;
				MARKETING_VERSION = 0.1.0;
				PRODUCT_BUNDLE_IDENTIFIER = com.yepyr.onbii.watchkitapp;
				PRODUCT_MODULE_NAME = OnbiiWatch;
				PRODUCT_NAME = OnbiiWatch;
				SDKROOT = watchos;
				SKIP_INSTALL = YES;
				TARGETED_DEVICE_FAMILY = 4;
				WATCHOS_DEPLOYMENT_TARGET = 10.0;
			};
			name = Debug;
		};
		B775315766AFC510174CBCBE /* Release */ = {
			isa = XCBuildConfiguration;
			buildSettings = {
				ASSETCATALOG_COMPILER_APPICON_NAME = AppIcon;
				CODE_SIGN_ENTITLEMENTS = OnbiiIOS.entitlements;
				CODE_SIGN_IDENTITY = "iPhone Developer";
				CODE_SIGN_STYLE = Automatic;
				CURRENT_PROJECT_VERSION = 2;
				DEVELOPMENT_TEAM = S52C3W4ZB8;
				GENERATE_INFOPLIST_FILE = NO;
				INFOPLIST_FILE = Info.plist;
				LD_RUNPATH_SEARCH_PATHS = (
					"$(inherited)",
					"@executable_path/Frameworks",
				);
				MARKETING_VERSION = 0.1.0;
				PRODUCT_BUNDLE_IDENTIFIER = com.yepyr.onbii;
				PRODUCT_MODULE_NAME = OnbiiIOS;
				PRODUCT_NAME = Onbii;
				SDKROOT = iphoneos;
				TARGETED_DEVICE_FAMILY = "1,2";
			};
			name = Release;
		};
		E0781B2C2A1D67087D99AF97 /* Release */ = {
			isa = XCBuildConfiguration;
			buildSettings = {
				ASSETCATALOG_COMPILER_APPICON_NAME = AppIcon;
				CODE_SIGN_STYLE = Automatic;
				CURRENT_PROJECT_VERSION = 1;
				DEVELOPMENT_TEAM = S52C3W4ZB8;
				GENERATE_INFOPLIST_FILE = YES;
				INFOPLIST_KEY_CFBundleDisplayName = Onbii;
				INFOPLIST_KEY_NSMicrophoneUsageDescription = "Onbii records audio only after you tap Record, then transfers the original recording to your iPhone.";
				INFOPLIST_KEY_WKCompanionAppBundleIdentifier = com.yepyr.onbii;
				INFOPLIST_KEY_WKRunsIndependentlyOfCompanionApp = NO;
				MARKETING_VERSION = 0.1.0;
				PRODUCT_BUNDLE_IDENTIFIER = com.yepyr.onbii.watchkitapp;
				PRODUCT_MODULE_NAME = OnbiiWatch;
				PRODUCT_NAME = OnbiiWatch;
				SDKROOT = watchos;
				SKIP_INSTALL = YES;
				TARGETED_DEVICE_FAMILY = 4;
				WATCHOS_DEPLOYMENT_TARGET = 10.0;
			};
			name = Release;
		};
/* End XCBuildConfiguration section */

/* Begin XCConfigurationList section */
		2C1E942DD7B00F128276CF51 /* Build configuration list for PBXNativeTarget "OnbiiWatch" */ = {
			isa = XCConfigurationList;
			buildConfigurations = (
				7DEEB3138639A2D5E899BD2B /* Debug */,
				E0781B2C2A1D67087D99AF97 /* Release */,
			);
			defaultConfigurationIsVisible = 0;
			defaultConfigurationName = Debug;
		};
		41DD61A10729E30144A27AE0 /* Build configuration list for PBXNativeTarget "OnbiiIOS" */ = {
			isa = XCConfigurationList;
			buildConfigurations = (
				0691FE58A2136B852F40CD61 /* Debug */,
				B775315766AFC510174CBCBE /* Release */,
			);
			defaultConfigurationIsVisible = 0;
			defaultConfigurationName = Debug;
		};
		8942C2FFF2CAE1BA6466F00C /* Build configuration list for PBXProject "OnbiiIOS" */ = {
			isa = XCConfigurationList;
			buildConfigurations = (
				02484D0E896F8B0B6479D84B /* Debug */,
				14DEB09BB9C9ADDC16378B91 /* Release */,
			);
			defaultConfigurationIsVisible = 0;
			defaultConfigurationName = Debug;
		};
/* End XCConfigurationList section */

/* Begin XCLocalSwiftPackageReference section */
		839E68DD72013C3EB4A23D07 /* XCLocalSwiftPackageReference "../../Packages" */ = {
			isa = XCLocalSwiftPackageReference;
			relativePath = ../../Packages;
		};
/* End XCLocalSwiftPackageReference section */

/* Begin XCSwiftPackageProductDependency section */
		06A2A0B4D62AF8412EDDF849 /* OnbiiCapture */ = {
			isa = XCSwiftPackageProductDependency;
			productName = OnbiiCapture;
		};
		1E9F0BD521D5D66DFD988E03 /* OnbiiArchive */ = {
			isa = XCSwiftPackageProductDependency;
			productName = OnbiiArchive;
		};
		F34DA394F7B4AA0C37377E25 /* OnbiiCapture */ = {
			isa = XCSwiftPackageProductDependency;
			productName = OnbiiCapture;
		};
/* End XCSwiftPackageProductDependency section */
	};
	rootObject = EC6CC5FD7E936DE765BEACDF /* Project object */;
}
