// !$*UTF8*$!
{
	archiveVersion = 1;
	classes = {
	};
	objectVersion = 77;
	objects = {

/* Begin PBXBuildFile section */
		013C867FD2C0DCAD04F64732 /* WatchNotifier.swift in Sources */ = {isa = PBXBuildFile; fileRef = 305820ED8B966550494939B0 /* WatchNotifier.swift */; };
		05BB6219F4750CC75E9A1246 /* WatchRecordingReceiver.swift in Sources */ = {isa = PBXBuildFile; fileRef = 51185C6FAD003FD5C06002CF /* WatchRecordingReceiver.swift */; };
		1E7456C926AF34BF4BF204D5 /* OnbiiProcessing in Frameworks */ = {isa = PBXBuildFile; productRef = 2C5EC3118D926D3DAA58F507 /* OnbiiProcessing */; };
		2E8D64DD96832483D6FFDB0D /* OnbiiWatch.app in Embed Watch Content */ = {isa = PBXBuildFile; fileRef = 27D86F3915B6DEBA3F9EF4A2 /* OnbiiWatch.app */; settings = {ATTRIBUTES = (RemoveHeadersOnCopy, ); }; };
		3095FB2300C9079775B8F074 /* OnbiiWatchApp.swift in Sources */ = {isa = PBXBuildFile; fileRef = 7837BC1BB46426003C207CEC /* OnbiiWatchApp.swift */; };
		4134332790C071FE86546BFF /* MobileObjectDetailView.swift in Sources */ = {isa = PBXBuildFile; fileRef = 6C593509792CBD532B6D27A1 /* MobileObjectDetailView.swift */; };
		447510D645DCFD9E62D6903B /* MobileObjectRow.swift in Sources */ = {isa = PBXBuildFile; fileRef = 48BCCF1F704D70DB0AF19B21 /* MobileObjectRow.swift */; };
		5375C1EC8C1EADF2F4189678 /* Assets.xcassets in Resources */ = {isa = PBXBuildFile; fileRef = 8AA0ADC649EDF6163684A13F /* Assets.xcassets */; };
		5721F1F8C8DB9C43CC297D02 /* Assets.xcassets in Resources */ = {isa = PBXBuildFile; fileRef = DE413D3D92D925971B92C02E /* Assets.xcassets */; };
		578F4AD3AC93EEB80C315B58 /* WatchViewModel.swift in Sources */ = {isa = PBXBuildFile; fileRef = FA7583FFAB7781BE9676EBE5 /* WatchViewModel.swift */; };
		5B263841C70E551B56A28483 /* MobileViewModel.swift in Sources */ = {isa = PBXBuildFile; fileRef = 1882EA93E5C0E8A18593B0F5 /* MobileViewModel.swift */; };
		615D409481AC736B0689FD98 /* MobileContentView.swift in Sources */ = {isa = PBXBuildFile; fileRef = F23422C155771BC610732E1B /* MobileContentView.swift */; };
		63502158B6243A6A9DADA1C1 /* OnbiiCapture in Frameworks */ = {isa = PBXBuildFile; productRef = F34DA394F7B4AA0C37377E25 /* OnbiiCapture */; };
		6734D1A1DC35F235A2881264 /* WatchContentView.swift in Sources */ = {isa = PBXBuildFile; fileRef = 3AABAAEBB8C0F6B75BBFE71F /* WatchContentView.swift */; };
		9BD15EAAA0E42B40733B0A60 /* OnbiiTranscription in Frameworks */ = {isa = PBXBuildFile; productRef = E1D892B36A76478912A886E3 /* OnbiiTranscription */; };
		BDCE3488B061272C10CF3E4A /* OnbiiIOSApp.swift in Sources */ = {isa = PBXBuildFile; fileRef = 150AA60AB772C3D311284402 /* OnbiiIOSApp.swift */; };
		CD93F00FC8413B0F25BB9360 /* MobileSettingsView.swift in Sources */ = {isa = PBXBuildFile; fileRef = CB1D0D513C2BA238F356D4E9 /* MobileSettingsView.swift */; };
		CE793D68D531724DC9BE0B70 /* OnbiiCapture in Frameworks */ = {isa = PBXBuildFile; productRef = 5D843A0ED20AA6CF93103E3A /* OnbiiCapture */; };
		DCC614CA57892B07B752E9F0 /* OnbiiUI in Frameworks */ = {isa = PBXBuildFile; productRef = D382BDE2DAD5F5D5CFCC8E52 /* OnbiiUI */; };
		E7729A0DBE61FB5DA26904C1 /* OnbiiArchive in Frameworks */ = {isa = PBXBuildFile; productRef = CFCC2055A1A3376EA5E69443 /* OnbiiArchive */; };
/* End PBXBuildFile section */

/* Begin PBXContainerItemProxy section */
		226E78DF2D34F9488819B207 /* PBXContainerItemProxy */ = {
			isa = PBXContainerItemProxy;
			containerPortal = EC6CC5FD7E936DE765BEACDF /* Project object */;
			proxyType = 1;
			remoteGlobalIDString = 628EF94B2830912AE0548DDD;
			remoteInfo = OnbiiWatch;
		};
/* End PBXContainerItemProxy section */

/* Begin PBXCopyFilesBuildPhase section */
		21E4265FB28239279CE3E811 /* Embed Watch Content */ = {
			isa = PBXCopyFilesBuildPhase;
			buildActionMask = 2147483647;
			dstPath = "$(CONTENTS_FOLDER_PATH)/Watch";
			dstSubfolderSpec = 16;
			files = (
				2E8D64DD96832483D6FFDB0D /* OnbiiWatch.app in Embed Watch Content */,
			);
			name = "Embed Watch Content";
			runOnlyForDeploymentPostprocessing = 0;
		};
/* End PBXCopyFilesBuildPhase section */

/* Begin PBXFileReference section */
		150AA60AB772C3D311284402 /* OnbiiIOSApp.swift */ = {isa = PBXFileReference; lastKnownFileType = sourcecode.swift; path = OnbiiIOSApp.swift; sourceTree = "<group>"; };
		1882EA93E5C0E8A18593B0F5 /* MobileViewModel.swift */ = {isa = PBXFileReference; lastKnownFileType = sourcecode.swift; path = MobileViewModel.swift; sourceTree = "<group>"; };
		27D86F3915B6DEBA3F9EF4A2 /* OnbiiWatch.app */ = {isa = PBXFileReference; explicitFileType = wrapper.application; includeInIndex = 0; path = OnbiiWatch.app; sourceTree = BUILT_PRODUCTS_DIR; };
		305820ED8B966550494939B0 /* WatchNotifier.swift */ = {isa = PBXFileReference; lastKnownFileType = sourcecode.swift; path = WatchNotifier.swift; sourceTree = "<group>"; };
		3A79208BF316E3F73C62533D /* Onbii.app */ = {isa = PBXFileReference; includeInIndex = 0; lastKnownFileType = wrapper.application; path = Onbii.app; sourceTree = BUILT_PRODUCTS_DIR; };
		3AABAAEBB8C0F6B75BBFE71F /* WatchContentView.swift */ = {isa = PBXFileReference; lastKnownFileType = sourcecode.swift; path = WatchContentView.swift; sourceTree = "<group>"; };
		48BCCF1F704D70DB0AF19B21 /* MobileObjectRow.swift */ = {isa = PBXFileReference; lastKnownFileType = sourcecode.swift; path = MobileObjectRow.swift; sourceTree = "<group>"; };
		51185C6FAD003FD5C06002CF /* WatchRecordingReceiver.swift */ = {isa = PBXFileReference; lastKnownFileType = sourcecode.swift; path = WatchRecordingReceiver.swift; sourceTree = "<group>"; };
		6C593509792CBD532B6D27A1 /* MobileObjectDetailView.swift */ = {isa = PBXFileReference; lastKnownFileType = sourcecode.swift; path = MobileObjectDetailView.swift; sourceTree = "<group>"; };
		7837BC1BB46426003C207CEC /* OnbiiWatchApp.swift */ = {isa = PBXFileReference; lastKnownFileType = sourcecode.swift; path = OnbiiWatchApp.swift; sourceTree = "<group>"; };
		8AA0ADC649EDF6163684A13F /* Assets.xcassets */ = {isa = PBXFileReference; lastKnownFileType = folder.assetcatalog; path = Assets.xcassets; sourceTree = "<group>"; };
		CB1D0D513C2BA238F356D4E9 /* MobileSettingsView.swift */ = {isa = PBXFileReference; lastKnownFileType = sourcecode.swift; path = MobileSettingsView.swift; sourceTree = "<group>"; };
		DE413D3D92D925971B92C02E /* Assets.xcassets */ = {isa = PBXFileReference; lastKnownFileType = folder.assetcatalog; path = Assets.xcassets; sourceTree = "<group>"; };
		F23422C155771BC610732E1B /* MobileContentView.swift */ = {isa = PBXFileReference; lastKnownFileType = sourcecode.swift; path = MobileContentView.swift; sourceTree = "<group>"; };
		F414C7BC4150126A51166468 /* Packages */ = {isa = PBXFileReference; lastKnownFileType = folder; name = Packages; path = ../../Packages; sourceTree = SOURCE_ROOT; };
		FA7583FFAB7781BE9676EBE5 /* WatchViewModel.swift */ = {isa = PBXFileReference; lastKnownFileType = sourcecode.swift; path = WatchViewModel.swift; sourceTree = "<group>"; };
/* End PBXFileReference section */

/* Begin PBXFrameworksBuildPhase section */
		2E5980C79B73401313F578C1 /* Frameworks */ = {
			isa = PBXFrameworksBuildPhase;
			buildActionMask = 2147483647;
			files = (
				E7729A0DBE61FB5DA26904C1 /* OnbiiArchive in Frameworks */,
				CE793D68D531724DC9BE0B70 /* OnbiiCapture in Frameworks */,
				9BD15EAAA0E42B40733B0A60 /* OnbiiTranscription in Frameworks */,
				1E7456C926AF34BF4BF204D5 /* OnbiiProcessing in Frameworks */,
				DCC614CA57892B07B752E9F0 /* OnbiiUI in Frameworks */,
			);
			runOnlyForDeploymentPostprocessing = 0;
		};
		3CEB4E99EF54EE0BE6A0A1C3 /* Frameworks */ = {
			isa = PBXFrameworksBuildPhase;
			buildActionMask = 2147483647;
			files = (
				63502158B6243A6A9DADA1C1 /* OnbiiCapture in Frameworks */,
			);
			runOnlyForDeploymentPostprocessing = 0;
		};
/* End PBXFrameworksBuildPhase section */

/* Begin PBXGroup section */
		07D1F5A8B054F86A6121581F = {
			isa = PBXGroup;
			children = (
				BEC821B6273463F2D7CC6A23 /* Packages */,
				442F44214902307A1251C4C5 /* Resources */,
				8BF3E9DEC261F318C327EECA /* Resources */,
				51C149A69DCB6C83BE94C82C /* Sources */,
				802C818C853FD3A87081D744 /* Sources */,
				2AEB037CD9AECFC0F9D2C386 /* Products */,
			);
			sourceTree = "<group>";
		};
		2AEB037CD9AECFC0F9D2C386 /* Products */ = {
			isa = PBXGroup;
			children = (
				3A79208BF316E3F73C62533D /* Onbii.app */,
				27D86F3915B6DEBA3F9EF4A2 /* OnbiiWatch.app */,
			);
			name = Products;
			sourceTree = "<group>";
		};
		442F44214902307A1251C4C5 /* Resources */ = {
			isa = PBXGroup;
			children = (
				8AA0ADC649EDF6163684A13F /* Assets.xcassets */,
			);
			path = Resources;
			sourceTree = "<group>";
		};
		51C149A69DCB6C83BE94C82C /* Sources */ = {
			isa = PBXGroup;
			children = (
				F23422C155771BC610732E1B /* MobileContentView.swift */,
				6C593509792CBD532B6D27A1 /* MobileObjectDetailView.swift */,
				48BCCF1F704D70DB0AF19B21 /* MobileObjectRow.swift */,
				CB1D0D513C2BA238F356D4E9 /* MobileSettingsView.swift */,
				1882EA93E5C0E8A18593B0F5 /* MobileViewModel.swift */,
				150AA60AB772C3D311284402 /* OnbiiIOSApp.swift */,
				51185C6FAD003FD5C06002CF /* WatchRecordingReceiver.swift */,
			);
			path = Sources;
			sourceTree = "<group>";
		};
		802C818C853FD3A87081D744 /* Sources */ = {
			isa = PBXGroup;
			children = (
				7837BC1BB46426003C207CEC /* OnbiiWatchApp.swift */,
				3AABAAEBB8C0F6B75BBFE71F /* WatchContentView.swift */,
				305820ED8B966550494939B0 /* WatchNotifier.swift */,
				FA7583FFAB7781BE9676EBE5 /* WatchViewModel.swift */,
			);
			name = Sources;
			path = ../OnbiiWatch/Sources;
			sourceTree = "<group>";
		};
		8BF3E9DEC261F318C327EECA /* Resources */ = {
			isa = PBXGroup;
			children = (
				DE413D3D92D925971B92C02E /* Assets.xcassets */,
			);
			name = Resources;
			path = ../OnbiiWatch/Resources;
			sourceTree = "<group>";
		};
		BEC821B6273463F2D7CC6A23 /* Packages */ = {
			isa = PBXGroup;
			children = (
				F414C7BC4150126A51166468 /* Packages */,
			);
			name = Packages;
			sourceTree = "<group>";
		};
/* End PBXGroup section */

/* Begin PBXNativeTarget section */
		628EF94B2830912AE0548DDD /* OnbiiWatch */ = {
			isa = PBXNativeTarget;
			buildConfigurationList = 2C1E942DD7B00F128276CF51 /* Build configuration list for PBXNativeTarget "OnbiiWatch" */;
			buildPhases = (
				2C75E78579AA75C8D664B8FB /* Sources */,
				DC667E1AD8F6473C3A4FE6E1 /* Resources */,
				3CEB4E99EF54EE0BE6A0A1C3 /* Frameworks */,
			);
			buildRules = (
			);
			dependencies = (
			);
			name = OnbiiWatch;
			packageProductDependencies = (
				F34DA394F7B4AA0C37377E25 /* OnbiiCapture */,
			);
			productName = OnbiiWatch;
			productReference = 27D86F3915B6DEBA3F9EF4A2 /* OnbiiWatch.app */;
			productType = "com.apple.product-type.application";
		};
		E22312D444FD19D8D959D097 /* Onbii */ = {
			isa = PBXNativeTarget;
			buildConfigurationList = 06B0AE53156CD0E53BB0594C /* Build configuration list for PBXNativeTarget "Onbii" */;
			buildPhases = (
				65678DCB5A1600BB87B0B6F9 /* Sources */,
				2C77926719436B34B5FC3089 /* Resources */,
				2E5980C79B73401313F578C1 /* Frameworks */,
				21E4265FB28239279CE3E811 /* Embed Watch Content */,
			);
			buildRules = (
			);
			dependencies = (
				F93F35DB11904D5C1B47657D /* PBXTargetDependency */,
			);
			name = Onbii;
			packageProductDependencies = (
				CFCC2055A1A3376EA5E69443 /* OnbiiArchive */,
				5D843A0ED20AA6CF93103E3A /* OnbiiCapture */,
				E1D892B36A76478912A886E3 /* OnbiiTranscription */,
				2C5EC3118D926D3DAA58F507 /* OnbiiProcessing */,
				D382BDE2DAD5F5D5CFCC8E52 /* OnbiiUI */,
			);
			productName = Onbii;
			productReference = 3A79208BF316E3F73C62533D /* Onbii.app */;
			productType = "com.apple.product-type.application";
		};
/* End PBXNativeTarget section */

/* Begin PBXProject section */
		EC6CC5FD7E936DE765BEACDF /* Project object */ = {
			isa = PBXProject;
			attributes = {
				BuildIndependentTargetsInParallel = YES;
				LastUpgradeCheck = 2700;
				TargetAttributes = {
					628EF94B2830912AE0548DDD = {
						DevelopmentTeam = S52C3W4ZB8;
						ProvisioningStyle = Automatic;
					};
					E22312D444FD19D8D959D097 = {
						DevelopmentTeam = S52C3W4ZB8;
					};
				};
			};
			buildConfigurationList = 8942C2FFF2CAE1BA6466F00C /* Build configuration list for PBXProject "OnbiiIOS" */;
			developmentRegion = en;
			hasScannedForEncodings = 0;
			knownRegions = (
				Base,
				en,
			);
			mainGroup = 07D1F5A8B054F86A6121581F;
			minimizedProjectReferenceProxies = 1;
			packageReferences = (
				839E68DD72013C3EB4A23D07 /* XCLocalSwiftPackageReference "../../Packages" */,
			);
			preferredProjectObjectVersion = 77;
			productRefGroup = 2AEB037CD9AECFC0F9D2C386 /* Products */;
			projectDirPath = "";
			projectRoot = "";
			targets = (
				E22312D444FD19D8D959D097 /* Onbii */,
				628EF94B2830912AE0548DDD /* OnbiiWatch */,
			);
		};
/* End PBXProject section */

/* Begin PBXResourcesBuildPhase section */
		2C77926719436B34B5FC3089 /* Resources */ = {
			isa = PBXResourcesBuildPhase;
			buildActionMask = 2147483647;
			files = (
				5375C1EC8C1EADF2F4189678 /* Assets.xcassets in Resources */,
			);
			runOnlyForDeploymentPostprocessing = 0;
		};
		DC667E1AD8F6473C3A4FE6E1 /* Resources */ = {
			isa = PBXResourcesBuildPhase;
			buildActionMask = 2147483647;
			files = (
				5721F1F8C8DB9C43CC297D02 /* Assets.xcassets in Resources */,
			);
			runOnlyForDeploymentPostprocessing = 0;
		};
/* End PBXResourcesBuildPhase section */

/* Begin PBXSourcesBuildPhase section */
		2C75E78579AA75C8D664B8FB /* Sources */ = {
			isa = PBXSourcesBuildPhase;
			buildActionMask = 2147483647;
			files = (
				3095FB2300C9079775B8F074 /* OnbiiWatchApp.swift in Sources */,
				6734D1A1DC35F235A2881264 /* WatchContentView.swift in Sources */,
				013C867FD2C0DCAD04F64732 /* WatchNotifier.swift in Sources */,
				578F4AD3AC93EEB80C315B58 /* WatchViewModel.swift in Sources */,
			);
			runOnlyForDeploymentPostprocessing = 0;
		};
		65678DCB5A1600BB87B0B6F9 /* Sources */ = {
			isa = PBXSourcesBuildPhase;
			buildActionMask = 2147483647;
			files = (
				615D409481AC736B0689FD98 /* MobileContentView.swift in Sources */,
				4134332790C071FE86546BFF /* MobileObjectDetailView.swift in Sources */,
				447510D645DCFD9E62D6903B /* MobileObjectRow.swift in Sources */,
				CD93F00FC8413B0F25BB9360 /* MobileSettingsView.swift in Sources */,
				5B263841C70E551B56A28483 /* MobileViewModel.swift in Sources */,
				BDCE3488B061272C10CF3E4A /* OnbiiIOSApp.swift in Sources */,
				05BB6219F4750CC75E9A1246 /* WatchRecordingReceiver.swift in Sources */,
			);
			runOnlyForDeploymentPostprocessing = 0;
		};
/* End PBXSourcesBuildPhase section */

/* Begin PBXTargetDependency section */
		F93F35DB11904D5C1B47657D /* PBXTargetDependency */ = {
			isa = PBXTargetDependency;
			target = 628EF94B2830912AE0548DDD /* OnbiiWatch */;
			targetProxy = 226E78DF2D34F9488819B207 /* PBXContainerItemProxy */;
		};
/* End PBXTargetDependency section */

/* Begin XCBuildConfiguration section */
		02484D0E896F8B0B6479D84B /* Debug */ = {
			isa = XCBuildConfiguration;
			buildSettings = {
				ALWAYS_SEARCH_USER_PATHS = NO;
				CLANG_ANALYZER_NONNULL = YES;
				CLANG_ANALYZER_NUMBER_OBJECT_CONVERSION = YES_AGGRESSIVE;
				CLANG_CXX_LANGUAGE_STANDARD = "gnu++14";
				CLANG_CXX_LIBRARY = "libc++";
				CLANG_ENABLE_MODULES = YES;
				CLANG_ENABLE_OBJC_ARC = YES;
				CLANG_ENABLE_OBJC_WEAK = YES;
				CLANG_WARN_BLOCK_CAPTURE_AUTORELEASING = YES;
				CLANG_WARN_BOOL_CONVERSION = YES;
				CLANG_WARN_COMMA = YES;
				CLANG_WARN_CONSTANT_CONVERSION = YES;
				CLANG_WARN_DEPRECATED_OBJC_IMPLEMENTATIONS = YES;
				CLANG_WARN_DIRECT_OBJC_ISA_USAGE = YES_ERROR;
				CLANG_WARN_DOCUMENTATION_COMMENTS = YES;
				CLANG_WARN_EMPTY_BODY = YES;
				CLANG_WARN_ENUM_CONVERSION = YES;
				CLANG_WARN_INFINITE_RECURSION = YES;
				CLANG_WARN_INT_CONVERSION = YES;
				CLANG_WARN_NON_LITERAL_NULL_CONVERSION = YES;
				CLANG_WARN_OBJC_IMPLICIT_RETAIN_SELF = YES;
				CLANG_WARN_OBJC_LITERAL_CONVERSION = YES;
				CLANG_WARN_OBJC_ROOT_CLASS = YES_ERROR;
				CLANG_WARN_QUOTED_INCLUDE_IN_FRAMEWORK_HEADER = YES;
				CLANG_WARN_RANGE_LOOP_ANALYSIS = YES;
				CLANG_WARN_STRICT_PROTOTYPES = YES;
				CLANG_WARN_SUSPICIOUS_MOVE = YES;
				CLANG_WARN_UNGUARDED_AVAILABILITY = YES_AGGRESSIVE;
				CLANG_WARN_UNREACHABLE_CODE = YES;
				CLANG_WARN__DUPLICATE_METHOD_MATCH = YES;
				COPY_PHASE_STRIP = NO;
				DEAD_CODE_STRIPPING = YES;
				DEBUG_INFORMATION_FORMAT = dwarf;
				ENABLE_STRICT_OBJC_MSGSEND = YES;
				ENABLE_TESTABILITY = YES;
				ENABLE_USER_SCRIPT_SANDBOXING = YES;
				GCC_C_LANGUAGE_STANDARD = gnu11;
				GCC_DYNAMIC_NO_PIC = NO;
				GCC_NO_COMMON_BLOCKS = YES;
				GCC_OPTIMIZATION_LEVEL = 0;
				GCC_PREPROCESSOR_DEFINITIONS = (
					"$(inherited)",
					"DEBUG=1",
				);
				GCC_WARN_64_TO_32_BIT_CONVERSION = YES;
				GCC_WARN_ABOUT_RETURN_TYPE = YES_ERROR;
				GCC_WARN_UNDECLARED_SELECTOR = YES;
				GCC_WARN_UNINITIALIZED_AUTOS = YES_AGGRESSIVE;
				GCC_WARN_UNUSED_FUNCTION = YES;
				GCC_WARN_UNUSED_VARIABLE = YES;
				IPHONEOS_DEPLOYMENT_TARGET = 26.0;
				MTL_ENABLE_DEBUG_INFO = INCLUDE_SOURCE;
				MTL_FAST_MATH = YES;
				ONLY_ACTIVE_ARCH = YES;
				PRODUCT_NAME = "$(TARGET_NAME)";
				STRING_CATALOG_GENERATE_SYMBOLS = YES;
				SWIFT_ACTIVE_COMPILATION_CONDITIONS = DEBUG;
				SWIFT_OPTIMIZATION_LEVEL = "-Onone";
				SWIFT_VERSION = 6.0;
			};
			name = Debug;
		};
		07B6ADC6BC0A61A3A2DFD5D7 /* Debug */ = {
			isa = XCBuildConfiguration;
			buildSettings = {
				ASSETCATALOG_COMPILER_APPICON_NAME = AppIcon;
				ASSETCATALOG_COMPILER_GLOBAL_ACCENT_COLOR_NAME = AccentColor;
				CODE_SIGN_ENTITLEMENTS = OnbiiIOS.entitlements;
				CODE_SIGN_IDENTITY = "Apple Development";
				CODE_SIGN_STYLE = Manual;
				CURRENT_PROJECT_VERSION = 2;
				DEVELOPMENT_TEAM = S52C3W4ZB8;
				GENERATE_INFOPLIST_FILE = NO;
				INFOPLIST_FILE = Info.plist;
				LD_RUNPATH_SEARCH_PATHS = (
					"$(inherited)",
					"@executable_path/Frameworks",
				);
				MARKETING_VERSION = 0.1.0;
				PRODUCT_BUNDLE_IDENTIFIER = com.yepyr.onbii;
				PRODUCT_MODULE_NAME = OnbiiIOS;
				PRODUCT_NAME = Onbii;
				PROVISIONING_PROFILE_SPECIFIER = "Onbii development";
				SDKROOT = iphoneos;
				TARGETED_DEVICE_FAMILY = 1;
			};
			name = Debug;
		};
		14DEB09BB9C9ADDC16378B91 /* Release */ = {
			isa = XCBuildConfiguration;
			buildSettings = {
				ALWAYS_SEARCH_USER_PATHS = NO;
				CLANG_ANALYZER_NONNULL = YES;
				CLANG_ANALYZER_NUMBER_OBJECT_CONVERSION = YES_AGGRESSIVE;
				CLANG_CXX_LANGUAGE_STANDARD = "gnu++14";
				CLANG_CXX_LIBRARY = "libc++";
				CLANG_ENABLE_MODULES = YES;
				CLANG_ENABLE_OBJC_ARC = YES;
				CLANG_ENABLE_OBJC_WEAK = YES;
				CLANG_WARN_BLOCK_CAPTURE_AUTORELEASING = YES;
				CLANG_WARN_BOOL_CONVERSION = YES;
				CLANG_WARN_COMMA = YES;
				CLANG_WARN_CONSTANT_CONVERSION = YES;
				CLANG_WARN_DEPRECATED_OBJC_IMPLEMENTATIONS = YES;
				CLANG_WARN_DIRECT_OBJC_ISA_USAGE = YES_ERROR;
				CLANG_WARN_DOCUMENTATION_COMMENTS = YES;
				CLANG_WARN_EMPTY_BODY = YES;
				CLANG_WARN_ENUM_CONVERSION = YES;
				CLANG_WARN_INFINITE_RECURSION = YES;
				CLANG_WARN_INT_CONVERSION = YES;
				CLANG_WARN_NON_LITERAL_NULL_CONVERSION = YES;
				CLANG_WARN_OBJC_IMPLICIT_RETAIN_SELF = YES;
				CLANG_WARN_OBJC_LITERAL_CONVERSION = YES;
				CLANG_WARN_OBJC_ROOT_CLASS = YES_ERROR;
				CLANG_WARN_QUOTED_INCLUDE_IN_FRAMEWORK_HEADER = YES;
				CLANG_WARN_RANGE_LOOP_ANALYSIS = YES;
				CLANG_WARN_STRICT_PROTOTYPES = YES;
				CLANG_WARN_SUSPICIOUS_MOVE = YES;
				CLANG_WARN_UNGUARDED_AVAILABILITY = YES_AGGRESSIVE;
				CLANG_WARN_UNREACHABLE_CODE = YES;
				CLANG_WARN__DUPLICATE_METHOD_MATCH = YES;
				COPY_PHASE_STRIP = NO;
				DEAD_CODE_STRIPPING = YES;
				DEBUG_INFORMATION_FORMAT = "dwarf-with-dsym";
				ENABLE_NS_ASSERTIONS = NO;
				ENABLE_STRICT_OBJC_MSGSEND = YES;
				ENABLE_USER_SCRIPT_SANDBOXING = YES;
				GCC_C_LANGUAGE_STANDARD = gnu11;
				GCC_NO_COMMON_BLOCKS = YES;
				GCC_WARN_64_TO_32_BIT_CONVERSION = YES;
				GCC_WARN_ABOUT_RETURN_TYPE = YES_ERROR;
				GCC_WARN_UNDECLARED_SELECTOR = YES;
				GCC_WARN_UNINITIALIZED_AUTOS = YES_AGGRESSIVE;
				GCC_WARN_UNUSED_FUNCTION = YES;
				GCC_WARN_UNUSED_VARIABLE = YES;
				IPHONEOS_DEPLOYMENT_TARGET = 26.0;
				MTL_ENABLE_DEBUG_INFO = NO;
				MTL_FAST_MATH = YES;
				PRODUCT_NAME = "$(TARGET_NAME)";
				STRING_CATALOG_GENERATE_SYMBOLS = YES;
				SWIFT_COMPILATION_MODE = wholemodule;
				SWIFT_OPTIMIZATION_LEVEL = "-O";
				SWIFT_VERSION = 6.0;
			};
			name = Release;
		};
		7DEEB3138639A2D5E899BD2B /* Debug */ = {
			isa = XCBuildConfiguration;
			buildSettings = {
				ASSETCATALOG_COMPILER_APPICON_NAME = AppIcon;
				ASSETCATALOG_COMPILER_GLOBAL_ACCENT_COLOR_NAME = AccentColor;
				CODE_SIGN_STYLE = Automatic;
				CURRENT_PROJECT_VERSION = 2;
				DEVELOPMENT_TEAM = S52C3W4ZB8;
				GENERATE_INFOPLIST_FILE = NO;
				INFOPLIST_FILE = ../OnbiiWatch/Info.plist;
				MARKETING_VERSION = 0.1.0;
				PRODUCT_BUNDLE_IDENTIFIER = com.yepyr.onbii.watchkitapp;
				PRODUCT_MODULE_NAME = OnbiiWatch;
				PRODUCT_NAME = OnbiiWatch;
				SDKROOT = watchos;
				SKIP_INSTALL = YES;
				TARGETED_DEVICE_FAMILY = 4;
				WATCHOS_DEPLOYMENT_TARGET = 10.0;
			};
			name = Debug;
		};
		E0781B2C2A1D67087D99AF97 /* Release */ = {
			isa = XCBuildConfiguration;
			buildSettings = {
				ASSETCATALOG_COMPILER_APPICON_NAME = AppIcon;
				ASSETCATALOG_COMPILER_GLOBAL_ACCENT_COLOR_NAME = AccentColor;
				CODE_SIGN_STYLE = Automatic;
				CURRENT_PROJECT_VERSION = 2;
				DEVELOPMENT_TEAM = S52C3W4ZB8;
				GENERATE_INFOPLIST_FILE = NO;
				INFOPLIST_FILE = ../OnbiiWatch/Info.plist;
				MARKETING_VERSION = 0.1.0;
				PRODUCT_BUNDLE_IDENTIFIER = com.yepyr.onbii.watchkitapp;
				PRODUCT_MODULE_NAME = OnbiiWatch;
				PRODUCT_NAME = OnbiiWatch;
				SDKROOT = watchos;
				SKIP_INSTALL = YES;
				TARGETED_DEVICE_FAMILY = 4;
				WATCHOS_DEPLOYMENT_TARGET = 10.0;
			};
			name = Release;
		};
		F6A940A5FDBA99BC4106FBF8 /* Release */ = {
			isa = XCBuildConfiguration;
			buildSettings = {
				ASSETCATALOG_COMPILER_APPICON_NAME = AppIcon;
				ASSETCATALOG_COMPILER_GLOBAL_ACCENT_COLOR_NAME = AccentColor;
				CODE_SIGN_ENTITLEMENTS = OnbiiIOS.entitlements;
				CODE_SIGN_IDENTITY = "iPhone Developer";
				CODE_SIGN_STYLE = Automatic;
				CURRENT_PROJECT_VERSION = 2;
				DEVELOPMENT_TEAM = S52C3W4ZB8;
				GENERATE_INFOPLIST_FILE = NO;
				INFOPLIST_FILE = Info.plist;
				LD_RUNPATH_SEARCH_PATHS = (
					"$(inherited)",
					"@executable_path/Frameworks",
				);
				MARKETING_VERSION = 0.1.0;
				PRODUCT_BUNDLE_IDENTIFIER = com.yepyr.onbii;
				PRODUCT_MODULE_NAME = OnbiiIOS;
				PRODUCT_NAME = Onbii;
				SDKROOT = iphoneos;
				TARGETED_DEVICE_FAMILY = 1;
			};
			name = Release;
		};
/* End XCBuildConfiguration section */

/* Begin XCConfigurationList section */
		06B0AE53156CD0E53BB0594C /* Build configuration list for PBXNativeTarget "Onbii" */ = {
			isa = XCConfigurationList;
			buildConfigurations = (
				07B6ADC6BC0A61A3A2DFD5D7 /* Debug */,
				F6A940A5FDBA99BC4106FBF8 /* Release */,
			);
			defaultConfigurationIsVisible = 0;
			defaultConfigurationName = Debug;
		};
		2C1E942DD7B00F128276CF51 /* Build configuration list for PBXNativeTarget "OnbiiWatch" */ = {
			isa = XCConfigurationList;
			buildConfigurations = (
				7DEEB3138639A2D5E899BD2B /* Debug */,
				E0781B2C2A1D67087D99AF97 /* Release */,
			);
			defaultConfigurationIsVisible = 0;
			defaultConfigurationName = Debug;
		};
		8942C2FFF2CAE1BA6466F00C /* Build configuration list for PBXProject "OnbiiIOS" */ = {
			isa = XCConfigurationList;
			buildConfigurations = (
				02484D0E896F8B0B6479D84B /* Debug */,
				14DEB09BB9C9ADDC16378B91 /* Release */,
			);
			defaultConfigurationIsVisible = 0;
			defaultConfigurationName = Debug;
		};
/* End XCConfigurationList section */

/* Begin XCLocalSwiftPackageReference section */
		839E68DD72013C3EB4A23D07 /* XCLocalSwiftPackageReference "../../Packages" */ = {
			isa = XCLocalSwiftPackageReference;
			relativePath = ../../Packages;
		};
/* End XCLocalSwiftPackageReference section */

/* Begin XCSwiftPackageProductDependency section */
		2C5EC3118D926D3DAA58F507 /* OnbiiProcessing */ = {
			isa = XCSwiftPackageProductDependency;
			productName = OnbiiProcessing;
		};
		5D843A0ED20AA6CF93103E3A /* OnbiiCapture */ = {
			isa = XCSwiftPackageProductDependency;
			productName = OnbiiCapture;
		};
		CFCC2055A1A3376EA5E69443 /* OnbiiArchive */ = {
			isa = XCSwiftPackageProductDependency;
			productName = OnbiiArchive;
		};
		D382BDE2DAD5F5D5CFCC8E52 /* OnbiiUI */ = {
			isa = XCSwiftPackageProductDependency;
			productName = OnbiiUI;
		};
		E1D892B36A76478912A886E3 /* OnbiiTranscription */ = {
			isa = XCSwiftPackageProductDependency;
			productName = OnbiiTranscription;
		};
		F34DA394F7B4AA0C37377E25 /* OnbiiCapture */ = {
			isa = XCSwiftPackageProductDependency;
			productName = OnbiiCapture;
		};
/* End XCSwiftPackageProductDependency section */
	};
	rootObject = EC6CC5FD7E936DE765BEACDF /* Project object */;
}
